Microsoft Visual Studio Solution File, Format Version 12.00
# Visual Studio Version 17
VisualStudioVersion = 17.5.2.0
MinimumVisualStudioVersion = 10.0.40219.1
Project("{FAE04EC0-301F-11D3-BF4B-00C04F79EFBC}") = "my-csharp-project", "my-csharp-project\my-csharp-project.csproj", "{9A225085-4AE6-9233-BFF2-D17D7A2773AB}"
EndProject
Global
	GlobalSection(SolutionConfigurationPlatforms) = preSolution
		Debug|Any CPU = Debug|Any CPU
		Release|Any CPU = Release|Any CPU
	EndGlobalSection
	GlobalSection(ProjectConfigurationPlatforms) = postSolution
		{9A225085-4AE6-9233-BFF2-D17D7A2773AB}.Debug|Any CPU.ActiveCfg = Debug|Any CPU
		{9A225085-4AE6-9233-BFF2-D17D7A2773AB}.Debug|Any CPU.Build.0 = Debug|Any CPU
		{9A225085-4AE6-9233-BFF2-D17D7A2773AB}.Release|Any CPU.ActiveCfg = Release|Any CPU
		{9A225085-4AE6-9233-BFF2-D17D7A2773AB}.Release|Any CPU.Build.0 = Release|Any CPU
	EndGlobalSection
	GlobalSection(SolutionProperties) = preSolution
		HideSolutionNode = FALSE
	EndGlobalSection
	GlobalSection(ExtensibilityGlobals) = postSolution
		SolutionGuid = {4F9E9A56-AC72-4BB9-869E-363D97DAB037}
	EndGlobalSection
EndGlobal
